
Microsoft Visual Studio Solution File, Format Version 12.00
Project("{FAE04EC0-301F-11D3-BF4B-00C04F79EFBC}") = "NEWSII", "NEWSII\NEWSII.csproj", "{BFF1274F-4800-408A-A4DD-1CC1A7E151CD}"
EndProject
Project("{FAE04EC0-301F-11D3-BF4B-00C04F79EFBC}") = "NEWSII.UnitTests", "NEWSII.UnitTests\NEWSII.UnitTests.csproj", "{518624CF-72CE-4F0E-BD4E-0B84965894ED}"
EndProject
Global
	GlobalSection(SolutionConfigurationPlatforms) = preSolution
		Debug|Any CPU = Debug|Any CPU
		Release|Any CPU = Release|Any CPU
	EndGlobalSection
	GlobalSection(ProjectConfigurationPlatforms) = postSolution
		{BFF1274F-4800-408A-A4DD-1CC1A7E151CD}.Debug|Any CPU.ActiveCfg = Debug|Any CPU
		{BFF1274F-4800-408A-A4DD-1CC1A7E151CD}.Debug|Any CPU.Build.0 = Debug|Any CPU
		{BFF1274F-4800-408A-A4DD-1CC1A7E151CD}.Release|Any CPU.ActiveCfg = Release|Any CPU
		{BFF1274F-4800-408A-A4DD-1CC1A7E151CD}.Release|Any CPU.Build.0 = Release|Any CPU
		{518624CF-72CE-4F0E-BD4E-0B84965894ED}.Debug|Any CPU.ActiveCfg = Debug|Any CPU
		{518624CF-72CE-4F0E-BD4E-0B84965894ED}.Debug|Any CPU.Build.0 = Debug|Any CPU
		{518624CF-72CE-4F0E-BD4E-0B84965894ED}.Release|Any CPU.ActiveCfg = Release|Any CPU
		{518624CF-72CE-4F0E-BD4E-0B84965894ED}.Release|Any CPU.Build.0 = Release|Any CPU
	EndGlobalSection
EndGlobal
